
Microsoft Visual Studio Solution File, Format Version 12.00
# Visual Studio Express 2013 for Windows Desktop
VisualStudioVersion = 12.0.31101.0
MinimumVisualStudioVersion = 10.0.40219.1
Project("{2150E333-8FDC-42A3-9474-1A3956D46DE8}") = "Engine", "Engine", "{BDEF5891-8DDE-49E8-9729-93D4BF84972D}"
EndProject
Project("{2150E333-8FDC-42A3-9474-1A3956D46DE8}") = "Games", "Games", "{4AA63C13-156E-4F9D-92B0-56D6534EFFAF}"
EndProject
Project("{8BC9CEB8-8B4A-11D0-8D11-00A0C91BC942}") = "SpookyPhone", "Intermediate\ProjectFiles\SpookyPhone.vcxproj", "{E5C2E4F4-2C12-466C-8829-2DDA436B09AD}"
EndProject
Project("{8BC9CEB8-8B4A-11D0-8D11-00A0C91BC942}") = "UE4", "Intermediate\ProjectFiles\UE4.vcxproj", "{6F68CECC-FD90-4EB8-8C64-A5EB90FE0358}"
EndProject
Global
	GlobalSection(SolutionConfigurationPlatforms) = preSolution
		DebugGame Editor|Windows = DebugGame Editor|Windows
		DebugGame|Windows = DebugGame|Windows
		Development Editor|Windows = Development Editor|Windows
		Development|Windows = Development|Windows
		Shipping|Windows = Shipping|Windows
	EndGlobalSection
	GlobalSection(ProjectConfigurationPlatforms) = postSolution
		{E5C2E4F4-2C12-466C-8829-2DDA436B09AD}.DebugGame Editor|Windows.ActiveCfg = DebugGame_Editor|x64
		{E5C2E4F4-2C12-466C-8829-2DDA436B09AD}.DebugGame Editor|Windows.Build.0 = DebugGame_Editor|x64
		{E5C2E4F4-2C12-466C-8829-2DDA436B09AD}.DebugGame|Windows.ActiveCfg = DebugGame_Game|x64
		{E5C2E4F4-2C12-466C-8829-2DDA436B09AD}.DebugGame|Windows.Build.0 = DebugGame_Game|x64
		{E5C2E4F4-2C12-466C-8829-2DDA436B09AD}.Development Editor|Windows.ActiveCfg = Development_Editor|x64
		{E5C2E4F4-2C12-466C-8829-2DDA436B09AD}.Development Editor|Windows.Build.0 = Development_Editor|x64
		{E5C2E4F4-2C12-466C-8829-2DDA436B09AD}.Development|Windows.ActiveCfg = Development_Game|x64
		{E5C2E4F4-2C12-466C-8829-2DDA436B09AD}.Development|Windows.Build.0 = Development_Game|x64
		{E5C2E4F4-2C12-466C-8829-2DDA436B09AD}.Shipping|Windows.ActiveCfg = Shipping_Game|Win32
		{E5C2E4F4-2C12-466C-8829-2DDA436B09AD}.Shipping|Windows.Build.0 = Shipping_Game|Win32
		{6F68CECC-FD90-4EB8-8C64-A5EB90FE0358}.DebugGame Editor|Windows.ActiveCfg = BuiltWithUnrealBuildTool|Win32
		{6F68CECC-FD90-4EB8-8C64-A5EB90FE0358}.DebugGame|Windows.ActiveCfg = BuiltWithUnrealBuildTool|Win32
		{6F68CECC-FD90-4EB8-8C64-A5EB90FE0358}.Development Editor|Windows.ActiveCfg = BuiltWithUnrealBuildTool|Win32
		{6F68CECC-FD90-4EB8-8C64-A5EB90FE0358}.Development|Windows.ActiveCfg = BuiltWithUnrealBuildTool|Win32
		{6F68CECC-FD90-4EB8-8C64-A5EB90FE0358}.Shipping|Windows.ActiveCfg = BuiltWithUnrealBuildTool|Win32
	EndGlobalSection
	GlobalSection(SolutionProperties) = preSolution
		HideSolutionNode = FALSE
	EndGlobalSection
	GlobalSection(NestedProjects) = preSolution
		{E5C2E4F4-2C12-466C-8829-2DDA436B09AD} = {4AA63C13-156E-4F9D-92B0-56D6534EFFAF}
		{6F68CECC-FD90-4EB8-8C64-A5EB90FE0358} = {BDEF5891-8DDE-49E8-9729-93D4BF84972D}
	EndGlobalSection
EndGlobal
